// !$*UTF8*$!
{
	archiveVersion = 1;
	classes = {
	};
	objectVersion = 46;
	objects = {

/* Begin PBXBuildFile section */
		83C4E74C1BCD785A00296A29 /* AppDelegate.swift in Sources */ = {isa = PBXBuildFile; fileRef = 83C4E74B1BCD785A00296A29 /* AppDelegate.swift */; };
		83C4E74E1BCD785A00296A29 /* ViewController.swift in Sources */ = {isa = PBXBuildFile; fileRef = 83C4E74D1BCD785A00296A29 /* ViewController.swift */; };
		83C4E7511BCD785A00296A29 /* Main.storyboard in Resources */ = {isa = PBXBuildFile; fileRef = 83C4E74F1BCD785A00296A29 /* Main.storyboard */; };
		83C4E7531BCD785A00296A29 /* Assets.xcassets in Resources */ = {isa = PBXBuildFile; fileRef = 83C4E7521BCD785A00296A29 /* Assets.xcassets */; };
		83C4E7561BCD785A00296A29 /* LaunchScreen.storyboard in Resources */ = {isa = PBXBuildFile; fileRef = 83C4E7541BCD785A00296A29 /* LaunchScreen.storyboard */; };
		83C4E7611BCD785A00296A29 /* BBXcode7TestTests.swift in Sources */ = {isa = PBXBuildFile; fileRef = 83C4E7601BCD785A00296A29 /* BBXcode7TestTests.swift */; };
		83C4E76C1BCD785A00296A29 /* BBXcode7TestUITests.swift in Sources */ = {isa = PBXBuildFile; fileRef = 83C4E76B1BCD785A00296A29 /* BBXcode7TestUITests.swift */; };
/* End PBXBuildFile section */

/* Begin PBXContainerItemProxy section */
		83C4E75D1BCD785A00296A29 /* PBXContainerItemProxy */ = {
			isa = PBXContainerItemProxy;
			containerPortal = 83C4E7401BCD785A00296A29 /* Project object */;
			proxyType = 1;
			remoteGlobalIDString = 83C4E7471BCD785A00296A29;
			remoteInfo = BBXcode7Test;
		};
		83C4E7681BCD785A00296A29 /* PBXContainerItemProxy */ = {
			isa = PBXContainerItemProxy;
			containerPortal = 83C4E7401BCD785A00296A29 /* Project object */;
			proxyType = 1;
			remoteGlobalIDString = 83C4E7471BCD785A00296A29;
			remoteInfo = BBXcode7Test;
		};
/* End PBXContainerItemProxy section */

/* Begin PBXFileReference section */
		83C4E7481BCD785A00296A29 /* BBXcode7Test.app */ = {isa = PBXFileReference; explicitFileType = wrapper.application; includeInIndex = 0; path = BBXcode7Test.app; sourceTree = BUILT_PRODUCTS_DIR; };
		83C4E74B1BCD785A00296A29 /* AppDelegate.swift */ = {isa = PBXFileReference; lastKnownFileType = sourcecode.swift; path = AppDelegate.swift; sourceTree = "<group>"; };
		83C4E74D1BCD785A00296A29 /* ViewController.swift */ = {isa = PBXFileReference; lastKnownFileType = sourcecode.swift; path = ViewController.swift; sourceTree = "<group>"; };
		83C4E7501BCD785A00296A29 /* Base */ = {isa = PBXFileReference; lastKnownFileType = file.storyboard; name = Base; path = Base.lproj/Main.storyboard; sourceTree = "<group>"; };
		83C4E7521BCD785A00296A29 /* Assets.xcassets */ = {isa = PBXFileReference; lastKnownFileType = folder.assetcatalog; path = Assets.xcassets; sourceTree = "<group>"; };
		83C4E7551BCD785A00296A29 /* Base */ = {isa = PBXFileReference; lastKnownFileType = file.storyboard; name = Base; path = Base.lproj/LaunchScreen.storyboard; sourceTree = "<group>"; };
		83C4E7571BCD785A00296A29 /* Info.plist */ = {isa = PBXFileReference; lastKnownFileType = text.plist.xml; path = Info.plist; sourceTree = "<group>"; };
		83C4E75C1BCD785A00296A29 /* BBXcode7TestTests.xctest */ = {isa = PBXFileReference; explicitFileType = wrapper.cfbundle; includeInIndex = 0; path = BBXcode7TestTests.xctest; sourceTree = BUILT_PRODUCTS_DIR; };
		83C4E7601BCD785A00296A29 /* BBXcode7TestTests.swift */ = {isa = PBXFileReference; lastKnownFileType = sourcecode.swift; path = BBXcode7TestTests.swift; sourceTree = "<group>"; };
		83C4E7621BCD785A00296A29 /* Info.plist */ = {isa = PBXFileReference; lastKnownFileType = text.plist.xml; path = Info.plist; sourceTree = "<group>"; };
		83C4E7671BCD785A00296A29 /* BBXcode7TestUITests.xctest */ = {isa = PBXFileReference; explicitFileType = wrapper.cfbundle; includeInIndex = 0; path = BBXcode7TestUITests.xctest; sourceTree = BUILT_PRODUCTS_DIR; };
		83C4E76B1BCD785A00296A29 /* BBXcode7TestUITests.swift */ = {isa = PBXFileReference; lastKnownFileType = sourcecode.swift; path = BBXcode7TestUITests.swift; sourceTree = "<group>"; };
		83C4E76D1BCD785A00296A29 /* Info.plist */ = {isa = PBXFileReference; lastKnownFileType = text.plist.xml; path = Info.plist; sourceTree = "<group>"; };
/* End PBXFileReference section */

/* Begin PBXFrameworksBuildPhase section */
		83C4E7451BCD785A00296A29 /* Frameworks */ = {
			isa = PBXFrameworksBuildPhase;
			buildActionMask = 2147483647;
			files = (
			);
			runOnlyForDeploymentPostprocessing = 0;
		};
		83C4E7591BCD785A00296A29 /* Frameworks */ = {
			isa = PBXFrameworksBuildPhase;
			buildActionMask = 2147483647;
			files = (
			);
			runOnlyForDeploymentPostprocessing = 0;
		};
		83C4E7641BCD785A00296A29 /* Frameworks */ = {
			isa = PBXFrameworksBuildPhase;
			buildActionMask = 2147483647;
			files = (
			);
			runOnlyForDeploymentPostprocessing = 0;
		};
/* End PBXFrameworksBuildPhase section */

/* Begin PBXGroup section */
		83C4E73F1BCD785A00296A29 = {
			isa = PBXGroup;
			children = (
				83C4E74A1BCD785A00296A29 /* BBXcode7Test */,
				83C4E75F1BCD785A00296A29 /* BBXcode7TestTests */,
				83C4E76A1BCD785A00296A29 /* BBXcode7TestUITests */,
				83C4E7491BCD785A00296A29 /* Products */,
			);
			sourceTree = "<group>";
		};
		83C4E7491BCD785A00296A29 /* Products */ = {
			isa = PBXGroup;
			children = (
				83C4E7481BCD785A00296A29 /* BBXcode7Test.app */,
				83C4E75C1BCD785A00296A29 /* BBXcode7TestTests.xctest */,
				83C4E7671BCD785A00296A29 /* BBXcode7TestUITests.xctest */,
			);
			name = Products;
			sourceTree = "<group>";
		};
		83C4E74A1BCD785A00296A29 /* BBXcode7Test */ = {
			isa = PBXGroup;
			children = (
				83C4E74B1BCD785A00296A29 /* AppDelegate.swift */,
				83C4E74D1BCD785A00296A29 /* ViewController.swift */,
				83C4E74F1BCD785A00296A29 /* Main.storyboard */,
				83C4E7521BCD785A00296A29 /* Assets.xcassets */,
				83C4E7541BCD785A00296A29 /* LaunchScreen.storyboard */,
				83C4E7571BCD785A00296A29 /* Info.plist */,
			);
			path = BBXcode7Test;
			sourceTree = "<group>";
		};
		83C4E75F1BCD785A00296A29 /* BBXcode7TestTests */ = {
			isa = PBXGroup;
			children = (
				83C4E7601BCD785A00296A29 /* BBXcode7TestTests.swift */,
				83C4E7621BCD785A00296A29 /* Info.plist */,
			);
			path = BBXcode7TestTests;
			sourceTree = "<group>";
		};
		83C4E76A1BCD785A00296A29 /* BBXcode7TestUITests */ = {
			isa = PBXGroup;
			children = (
				83C4E76B1BCD785A00296A29 /* BBXcode7TestUITests.swift */,
				83C4E76D1BCD785A00296A29 /* Info.plist */,
			);
			path = BBXcode7TestUITests;
			sourceTree = "<group>";
		};
/* End PBXGroup section */

/* Begin PBXNativeTarget section */
		83C4E7471BCD785A00296A29 /* BBXcode7Test */ = {
			isa = PBXNativeTarget;
			buildConfigurationList = 83C4E7701BCD785A00296A29 /* Build configuration list for PBXNativeTarget "BBXcode7Test" */;
			buildPhases = (
				83C4E7441BCD785A00296A29 /* Sources */,
				83C4E7451BCD785A00296A29 /* Frameworks */,
				83C4E7461BCD785A00296A29 /* Resources */,
			);
			buildRules = (
			);
			dependencies = (
			);
			name = BBXcode7Test;
			productName = BBXcode7Test;
			productReference = 83C4E7481BCD785A00296A29 /* BBXcode7Test.app */;
			productType = "com.apple.product-type.application";
		};
		83C4E75B1BCD785A00296A29 /* BBXcode7TestTests */ = {
			isa = PBXNativeTarget;
			buildConfigurationList = 83C4E7731BCD785A00296A29 /* Build configuration list for PBXNativeTarget "BBXcode7TestTests" */;
			buildPhases = (
				83C4E7581BCD785A00296A29 /* Sources */,
				83C4E7591BCD785A00296A29 /* Frameworks */,
				83C4E75A1BCD785A00296A29 /* Resources */,
			);
			buildRules = (
			);
			dependencies = (
				83C4E75E1BCD785A00296A29 /* PBXTargetDependency */,
			);
			name = BBXcode7TestTests;
			productName = BBXcode7TestTests;
			productReference = 83C4E75C1BCD785A00296A29 /* BBXcode7TestTests.xctest */;
			productType = "com.apple.product-type.bundle.unit-test";
		};
		83C4E7661BCD785A00296A29 /* BBXcode7TestUITests */ = {
			isa = PBXNativeTarget;
			buildConfigurationList = 83C4E7761BCD785A00296A29 /* Build configuration list for PBXNativeTarget "BBXcode7TestUITests" */;
			buildPhases = (
				83C4E7631BCD785A00296A29 /* Sources */,
				83C4E7641BCD785A00296A29 /* Frameworks */,
				83C4E7651BCD785A00296A29 /* Resources */,
			);
			buildRules = (
			);
			dependencies = (
				83C4E7691BCD785A00296A29 /* PBXTargetDependency */,
			);
			name = BBXcode7TestUITests;
			productName = BBXcode7TestUITests;
			productReference = 83C4E7671BCD785A00296A29 /* BBXcode7TestUITests.xctest */;
			productType = "com.apple.product-type.bundle.ui-testing";
		};
/* End PBXNativeTarget section */

/* Begin PBXProject section */
		83C4E7401BCD785A00296A29 /* Project object */ = {
			isa = PBXProject;
			attributes = {
				LastUpgradeCheck = 0700;
				ORGANIZATIONNAME = Chris;
				TargetAttributes = {
					83C4E7471BCD785A00296A29 = {
						CreatedOnToolsVersion = 7.0;
					};
					83C4E75B1BCD785A00296A29 = {
						CreatedOnToolsVersion = 7.0;
						TestTargetID = 83C4E7471BCD785A00296A29;
					};
					83C4E7661BCD785A00296A29 = {
						CreatedOnToolsVersion = 7.0;
						TestTargetID = 83C4E7471BCD785A00296A29;
					};
				};
			};
			buildConfigurationList = 83C4E7431BCD785A00296A29 /* Build configuration list for PBXProject "BBXcode7Test" */;
			compatibilityVersion = "Xcode 3.2";
			developmentRegion = English;
			hasScannedForEncodings = 0;
			knownRegions = (
				en,
				Base,
			);
			mainGroup = 83C4E73F1BCD785A00296A29;
			productRefGroup = 83C4E7491BCD785A00296A29 /* Products */;
			projectDirPath = "";
			projectRoot = "";
			targets = (
				83C4E7471BCD785A00296A29 /* BBXcode7Test */,
				83C4E75B1BCD785A00296A29 /* BBXcode7TestTests */,
				83C4E7661BCD785A00296A29 /* BBXcode7TestUITests */,
			);
		};
/* End PBXProject section */

/* Begin PBXResourcesBuildPhase section */
		83C4E7461BCD785A00296A29 /* Resources */ = {
			isa = PBXResourcesBuildPhase;
			buildActionMask = 2147483647;
			files = (
				83C4E7561BCD785A00296A29 /* LaunchScreen.storyboard in Resources */,
				83C4E7531BCD785A00296A29 /* Assets.xcassets in Resources */,
				83C4E7511BCD785A00296A29 /* Main.storyboard in Resources */,
			);
			runOnlyForDeploymentPostprocessing = 0;
		};
		83C4E75A1BCD785A00296A29 /* Resources */ = {
			isa = PBXResourcesBuildPhase;
			buildActionMask = 2147483647;
			files = (
			);
			runOnlyForDeploymentPostprocessing = 0;
		};
		83C4E7651BCD785A00296A29 /* Resources */ = {
			isa = PBXResourcesBuildPhase;
			buildActionMask = 2147483647;
			files = (
			);
			runOnlyForDeploymentPostprocessing = 0;
		};
/* End PBXResourcesBuildPhase section */

/* Begin PBXSourcesBuildPhase section */
		83C4E7441BCD785A00296A29 /* Sources */ = {
			isa = PBXSourcesBuildPhase;
			buildActionMask = 2147483647;
			files = (
				83C4E74E1BCD785A00296A29 /* ViewController.swift in Sources */,
				83C4E74C1BCD785A00296A29 /* AppDelegate.swift in Sources */,
			);
			runOnlyForDeploymentPostprocessing = 0;
		};
		83C4E7581BCD785A00296A29 /* Sources */ = {
			isa = PBXSourcesBuildPhase;
			buildActionMask = 2147483647;
			files = (
				83C4E7611BCD785A00296A29 /* BBXcode7TestTests.swift in Sources */,
			);
			runOnlyForDeploymentPostprocessing = 0;
		};
		83C4E7631BCD785A00296A29 /* Sources */ = {
			isa = PBXSourcesBuildPhase;
			buildActionMask = 2147483647;
			files = (
				83C4E76C1BCD785A00296A29 /* BBXcode7TestUITests.swift in Sources */,
			);
			runOnlyForDeploymentPostprocessing = 0;
		};
/* End PBXSourcesBuildPhase section */

/* Begin PBXTargetDependency section */
		83C4E75E1BCD785A00296A29 /* PBXTargetDependency */ = {
			isa = PBXTargetDependency;
			target = 83C4E7471BCD785A00296A29 /* BBXcode7Test */;
			targetProxy = 83C4E75D1BCD785A00296A29 /* PBXContainerItemProxy */;
		};
		83C4E7691BCD785A00296A29 /* PBXTargetDependency */ = {
			isa = PBXTargetDependency;
			target = 83C4E7471BCD785A00296A29 /* BBXcode7Test */;
			targetProxy = 83C4E7681BCD785A00296A29 /* PBXContainerItemProxy */;
		};
/* End PBXTargetDependency section */

/* Begin PBXVariantGroup section */
		83C4E74F1BCD785A00296A29 /* Main.storyboard */ = {
			isa = PBXVariantGroup;
			children = (
				83C4E7501BCD785A00296A29 /* Base */,
			);
			name = Main.storyboard;
			sourceTree = "<group>";
		};
		83C4E7541BCD785A00296A29 /* LaunchScreen.storyboard */ = {
			isa = PBXVariantGroup;
			children = (
				83C4E7551BCD785A00296A29 /* Base */,
			);
			name = LaunchScreen.storyboard;
			sourceTree = "<group>";
		};
/* End PBXVariantGroup section */

/* Begin XCBuildConfiguration section */
		83C4E76E1BCD785A00296A29 /* Debug */ = {
			isa = XCBuildConfiguration;
			buildSettings = {
				ALWAYS_SEARCH_USER_PATHS = NO;
				CLANG_CXX_LANGUAGE_STANDARD = "gnu++0x";
				CLANG_CXX_LIBRARY = "libc++";
				CLANG_ENABLE_MODULES = YES;
				CLANG_ENABLE_OBJC_ARC = YES;
				CLANG_WARN_BOOL_CONVERSION = YES;
				CLANG_WARN_CONSTANT_CONVERSION = YES;
				CLANG_WARN_DIRECT_OBJC_ISA_USAGE = YES_ERROR;
				CLANG_WARN_EMPTY_BODY = YES;
				CLANG_WARN_ENUM_CONVERSION = YES;
				CLANG_WARN_INT_CONVERSION = YES;
				CLANG_WARN_OBJC_ROOT_CLASS = YES_ERROR;
				CLANG_WARN_UNREACHABLE_CODE = YES;
				CLANG_WARN__DUPLICATE_METHOD_MATCH = YES;
				"CODE_SIGN_IDENTITY[sdk=iphoneos*]" = "iPhone Developer";
				COPY_PHASE_STRIP = NO;
				DEBUG_INFORMATION_FORMAT = dwarf;
				ENABLE_STRICT_OBJC_MSGSEND = YES;
				ENABLE_TESTABILITY = YES;
				GCC_C_LANGUAGE_STANDARD = gnu99;
				GCC_DYNAMIC_NO_PIC = NO;
				GCC_NO_COMMON_BLOCKS = YES;
				GCC_OPTIMIZATION_LEVEL = 0;
				GCC_PREPROCESSOR_DEFINITIONS = (
					"DEBUG=1",
					"$(inherited)",
				);
				GCC_WARN_64_TO_32_BIT_CONVERSION = YES;
				GCC_WARN_ABOUT_RETURN_TYPE = YES_ERROR;
				GCC_WARN_UNDECLARED_SELECTOR = YES;
				GCC_WARN_UNINITIALIZED_AUTOS = YES_AGGRESSIVE;
				GCC_WARN_UNUSED_FUNCTION = YES;
				GCC_WARN_UNUSED_VARIABLE = YES;
				IPHONEOS_DEPLOYMENT_TARGET = 9.0;
				MTL_ENABLE_DEBUG_INFO = YES;
				ONLY_ACTIVE_ARCH = YES;
				SDKROOT = iphoneos;
				SWIFT_OPTIMIZATION_LEVEL = "-Onone";
				TARGETED_DEVICE_FAMILY = "1,2";
			};
			name = Debug;
		};
		83C4E76F1BCD785A00296A29 /* Release */ = {
			isa = XCBuildConfiguration;
			buildSettings = {
				ALWAYS_SEARCH_USER_PATHS = NO;
				CLANG_CXX_LANGUAGE_STANDARD = "gnu++0x";
				CLANG_CXX_LIBRARY = "libc++";
				CLANG_ENABLE_MODULES = YES;
				CLANG_ENABLE_OBJC_ARC = YES;
				CLANG_WARN_BOOL_CONVERSION = YES;
				CLANG_WARN_CONSTANT_CONVERSION = YES;
				CLANG_WARN_DIRECT_OBJC_ISA_USAGE = YES_ERROR;
				CLANG_WARN_EMPTY_BODY = YES;
				CLANG_WARN_ENUM_CONVERSION = YES;
				CLANG_WARN_INT_CONVERSION = YES;
				CLANG_WARN_OBJC_ROOT_CLASS = YES_ERROR;
				CLANG_WARN_UNREACHABLE_CODE = YES;
				CLANG_WARN__DUPLICATE_METHOD_MATCH = YES;
				"CODE_SIGN_IDENTITY[sdk=iphoneos*]" = "iPhone Developer";
				COPY_PHASE_STRIP = NO;
				DEBUG_INFORMATION_FORMAT = "dwarf-with-dsym";
				ENABLE_NS_ASSERTIONS = NO;
				ENABLE_STRICT_OBJC_MSGSEND = YES;
				GCC_C_LANGUAGE_STANDARD = gnu99;
				GCC_NO_COMMON_BLOCKS = YES;
				GCC_WARN_64_TO_32_BIT_CONVERSION = YES;
				GCC_WARN_ABOUT_RETURN_TYPE = YES_ERROR;
				GCC_WARN_UNDECLARED_SELECTOR = YES;
				GCC_WARN_UNINITIALIZED_AUTOS = YES_AGGRESSIVE;
				GCC_WARN_UNUSED_FUNCTION = YES;
				GCC_WARN_UNUSED_VARIABLE = YES;
				IPHONEOS_DEPLOYMENT_TARGET = 9.0;
				MTL_ENABLE_DEBUG_INFO = NO;
				SDKROOT = iphoneos;
				TARGETED_DEVICE_FAMILY = "1,2";
				VALIDATE_PRODUCT = YES;
			};
			name = Release;
		};
		83C4E7711BCD785A00296A29 /* Debug */ = {
			isa = XCBuildConfiguration;
			buildSettings = {
				ASSETCATALOG_COMPILER_APPICON_NAME = AppIcon;
				INFOPLIST_FILE = BBXcode7Test/Info.plist;
				LD_RUNPATH_SEARCH_PATHS = "$(inherited) @executable_path/Frameworks";
				PRODUCT_BUNDLE_IDENTIFIER = com.buddybuild.BBXcode7Test;
				PRODUCT_NAME = "$(TARGET_NAME)";
			};
			name = Debug;
		};
		83C4E7721BCD785A00296A29 /* Release */ = {
			isa = XCBuildConfiguration;
			buildSettings = {
				ASSETCATALOG_COMPILER_APPICON_NAME = AppIcon;
				INFOPLIST_FILE = BBXcode7Test/Info.plist;
				LD_RUNPATH_SEARCH_PATHS = "$(inherited) @executable_path/Frameworks";
				PRODUCT_BUNDLE_IDENTIFIER = com.buddybuild.BBXcode7Test;
				PRODUCT_NAME = "$(TARGET_NAME)";
			};
			name = Release;
		};
		83C4E7741BCD785A00296A29 /* Debug */ = {
			isa = XCBuildConfiguration;
			buildSettings = {
				BUNDLE_LOADER = "$(TEST_HOST)";
				INFOPLIST_FILE = BBXcode7TestTests/Info.plist;
				LD_RUNPATH_SEARCH_PATHS = "$(inherited) @executable_path/Frameworks @loader_path/Frameworks";
				PRODUCT_BUNDLE_IDENTIFIER = com.buddybuild.BBXcode7TestTests;
				PRODUCT_NAME = "$(TARGET_NAME)";
				TEST_HOST = "$(BUILT_PRODUCTS_DIR)/BBXcode7Test.app/BBXcode7Test";
			};
			name = Debug;
		};
		83C4E7751BCD785A00296A29 /* Release */ = {
			isa = XCBuildConfiguration;
			buildSettings = {
				BUNDLE_LOADER = "$(TEST_HOST)";
				INFOPLIST_FILE = BBXcode7TestTests/Info.plist;
				LD_RUNPATH_SEARCH_PATHS = "$(inherited) @executable_path/Frameworks @loader_path/Frameworks";
				PRODUCT_BUNDLE_IDENTIFIER = com.buddybuild.BBXcode7TestTests;
				PRODUCT_NAME = "$(TARGET_NAME)";
				TEST_HOST = "$(BUILT_PRODUCTS_DIR)/BBXcode7Test.app/BBXcode7Test";
			};
			name = Release;
		};
		83C4E7771BCD785A00296A29 /* Debug */ = {
			isa = XCBuildConfiguration;
			buildSettings = {
				INFOPLIST_FILE = BBXcode7TestUITests/Info.plist;
				LD_RUNPATH_SEARCH_PATHS = "$(inherited) @executable_path/Frameworks @loader_path/Frameworks";
				PRODUCT_BUNDLE_IDENTIFIER = com.buddybuild.BBXcode7TestUITests;
				PRODUCT_NAME = "$(TARGET_NAME)";
				TEST_TARGET_NAME = BBXcode7Test;
				USES_XCTRUNNER = YES;
			};
			name = Debug;
		};
		83C4E7781BCD785A00296A29 /* Release */ = {
			isa = XCBuildConfiguration;
			buildSettings = {
				INFOPLIST_FILE = BBXcode7TestUITests/Info.plist;
				LD_RUNPATH_SEARCH_PATHS = "$(inherited) @executable_path/Frameworks @loader_path/Frameworks";
				PRODUCT_BUNDLE_IDENTIFIER = com.buddybuild.BBXcode7TestUITests;
				PRODUCT_NAME = "$(TARGET_NAME)";
				TEST_TARGET_NAME = BBXcode7Test;
				USES_XCTRUNNER = YES;
			};
			name = Release;
		};
/* End XCBuildConfiguration section */

/* Begin XCConfigurationList section */
		83C4E7431BCD785A00296A29 /* Build configuration list for PBXProject "BBXcode7Test" */ = {
			isa = XCConfigurationList;
			buildConfigurations = (
				83C4E76E1BCD785A00296A29 /* Debug */,
				83C4E76F1BCD785A00296A29 /* Release */,
			);
			defaultConfigurationIsVisible = 0;
			defaultConfigurationName = Release;
		};
		83C4E7701BCD785A00296A29 /* Build configuration list for PBXNativeTarget "BBXcode7Test" */ = {
			isa = XCConfigurationList;
			buildConfigurations = (
				83C4E7711BCD785A00296A29 /* Debug */,
				83C4E7721BCD785A00296A29 /* Release */,
			);
			defaultConfigurationIsVisible = 0;
		};
		83C4E7731BCD785A00296A29 /* Build configuration list for PBXNativeTarget "BBXcode7TestTests" */ = {
			isa = XCConfigurationList;
			buildConfigurations = (
				83C4E7741BCD785A00296A29 /* Debug */,
				83C4E7751BCD785A00296A29 /* Release */,
			);
			defaultConfigurationIsVisible = 0;
		};
		83C4E7761BCD785A00296A29 /* Build configuration list for PBXNativeTarget "BBXcode7TestUITests" */ = {
			isa = XCConfigurationList;
			buildConfigurations = (
				83C4E7771BCD785A00296A29 /* Debug */,
				83C4E7781BCD785A00296A29 /* Release */,
			);
			defaultConfigurationIsVisible = 0;
		};
/* End XCConfigurationList section */
	};
	rootObject = 83C4E7401BCD785A00296A29 /* Project object */;
}
